// !$*UTF8*$!
{
	archiveVersion = 1;
	classes = {
	};
	objectVersion = 56;
	objects = {

/* Begin PBXBuildFile section */
		318958AB2B56F93200692C02 /* AppDelegate.swift in Sources */ = {isa = PBXBuildFile; fileRef = 318958AA2B56F93200692C02 /* AppDelegate.swift */; };
		318958AD2B56F93200692C02 /* SceneDelegate.swift in Sources */ = {isa = PBXBuildFile; fileRef = 318958AC2B56F93200692C02 /* SceneDelegate.swift */; };
		318958AF2B56F93200692C02 /* MetronomeViewController.swift in Sources */ = {isa = PBXBuildFile; fileRef = 318958AE2B56F93200692C02 /* MetronomeViewController.swift */; };
		318958B42B56F93400692C02 /* Assets.xcassets in Resources */ = {isa = PBXBuildFile; fileRef = 318958B32B56F93400692C02 /* Assets.xcassets */; };
		318958B72B56F93400692C02 /* LaunchScreen.storyboard in Resources */ = {isa = PBXBuildFile; fileRef = 318958B52B56F93400692C02 /* LaunchScreen.storyboard */; };
		318958BF2B57095000692C02 /* GuitarTuneViewController.swift in Sources */ = {isa = PBXBuildFile; fileRef = 318958BE2B57095000692C02 /* GuitarTuneViewController.swift */; };
		318958C12B57096300692C02 /* ChromaticTuneViewController.swift in Sources */ = {isa = PBXBuildFile; fileRef = 318958C02B57096300692C02 /* ChromaticTuneViewController.swift */; };
		318958C32B57097200692C02 /* ChordsViewController.swift in Sources */ = {isa = PBXBuildFile; fileRef = 318958C22B57097200692C02 /* ChordsViewController.swift */; };
		318958C52B57097A00692C02 /* SettingsViewController.swift in Sources */ = {isa = PBXBuildFile; fileRef = 318958C42B57097A00692C02 /* SettingsViewController.swift */; };
		318958C72B570A1500692C02 /* TabBarController.swift in Sources */ = {isa = PBXBuildFile; fileRef = 318958C62B570A1500692C02 /* TabBarController.swift */; };
		318958C92B5AD69500692C02 /* MetronomeData.swift in Sources */ = {isa = PBXBuildFile; fileRef = 318958C82B5AD69500692C02 /* MetronomeData.swift */; };
/* End PBXBuildFile section */

/* Begin PBXFileReference section */
		318958A72B56F93200692C02 /* stringSync.app */ = {isa = PBXFileReference; explicitFileType = wrapper.application; includeInIndex = 0; path = stringSync.app; sourceTree = BUILT_PRODUCTS_DIR; };
		318958AA2B56F93200692C02 /* AppDelegate.swift */ = {isa = PBXFileReference; lastKnownFileType = sourcecode.swift; path = AppDelegate.swift; sourceTree = "<group>"; };
		318958AC2B56F93200692C02 /* SceneDelegate.swift */ = {isa = PBXFileReference; lastKnownFileType = sourcecode.swift; path = SceneDelegate.swift; sourceTree = "<group>"; };
		318958AE2B56F93200692C02 /* MetronomeViewController.swift */ = {isa = PBXFileReference; lastKnownFileType = sourcecode.swift; path = MetronomeViewController.swift; sourceTree = "<group>"; };
		318958B32B56F93400692C02 /* Assets.xcassets */ = {isa = PBXFileReference; lastKnownFileType = folder.assetcatalog; path = Assets.xcassets; sourceTree = "<group>"; };
		318958B62B56F93400692C02 /* Base */ = {isa = PBXFileReference; lastKnownFileType = file.storyboard; name = Base; path = Base.lproj/LaunchScreen.storyboard; sourceTree = "<group>"; };
		318958B82B56F93400692C02 /* Info.plist */ = {isa = PBXFileReference; lastKnownFileType = text.plist.xml; path = Info.plist; sourceTree = "<group>"; };
		318958BE2B57095000692C02 /* GuitarTuneViewController.swift */ = {isa = PBXFileReference; lastKnownFileType = sourcecode.swift; path = GuitarTuneViewController.swift; sourceTree = "<group>"; };
		318958C02B57096300692C02 /* ChromaticTuneViewController.swift */ = {isa = PBXFileReference; lastKnownFileType = sourcecode.swift; path = ChromaticTuneViewController.swift; sourceTree = "<group>"; };
		318958C22B57097200692C02 /* ChordsViewController.swift */ = {isa = PBXFileReference; lastKnownFileType = sourcecode.swift; path = ChordsViewController.swift; sourceTree = "<group>"; };
		318958C42B57097A00692C02 /* SettingsViewController.swift */ = {isa = PBXFileReference; lastKnownFileType = sourcecode.swift; path = SettingsViewController.swift; sourceTree = "<group>"; };
		318958C62B570A1500692C02 /* TabBarController.swift */ = {isa = PBXFileReference; lastKnownFileType = sourcecode.swift; path = TabBarController.swift; sourceTree = "<group>"; };
		318958C82B5AD69500692C02 /* MetronomeData.swift */ = {isa = PBXFileReference; lastKnownFileType = sourcecode.swift; path = MetronomeData.swift; sourceTree = "<group>"; };
/* End PBXFileReference section */

/* Begin PBXFrameworksBuildPhase section */
		318958A42B56F93200692C02 /* Frameworks */ = {
			isa = PBXFrameworksBuildPhase;
			buildActionMask = 2147483647;
			files = (
			);
			runOnlyForDeploymentPostprocessing = 0;
		};
/* End PBXFrameworksBuildPhase section */

/* Begin PBXGroup section */
		3189589E2B56F93200692C02 = {
			isa = PBXGroup;
			children = (
				318958A92B56F93200692C02 /* stringSync */,
				318958A82B56F93200692C02 /* Products */,
			);
			sourceTree = "<group>";
		};
		318958A82B56F93200692C02 /* Products */ = {
			isa = PBXGroup;
			children = (
				318958A72B56F93200692C02 /* stringSync.app */,
			);
			name = Products;
			sourceTree = "<group>";
		};
		318958A92B56F93200692C02 /* stringSync */ = {
			isa = PBXGroup;
			children = (
				318958AA2B56F93200692C02 /* AppDelegate.swift */,
				318958AC2B56F93200692C02 /* SceneDelegate.swift */,
				318958C62B570A1500692C02 /* TabBarController.swift */,
				318958AE2B56F93200692C02 /* MetronomeViewController.swift */,
				318958BE2B57095000692C02 /* GuitarTuneViewController.swift */,
				318958C02B57096300692C02 /* ChromaticTuneViewController.swift */,
				318958C22B57097200692C02 /* ChordsViewController.swift */,
				318958C42B57097A00692C02 /* SettingsViewController.swift */,
				318958B32B56F93400692C02 /* Assets.xcassets */,
				318958B52B56F93400692C02 /* LaunchScreen.storyboard */,
				318958B82B56F93400692C02 /* Info.plist */,
				318958C82B5AD69500692C02 /* MetronomeData.swift */,
			);
			path = stringSync;
			sourceTree = "<group>";
		};
/* End PBXGroup section */

/* Begin PBXNativeTarget section */
		318958A62B56F93200692C02 /* stringSync */ = {
			isa = PBXNativeTarget;
			buildConfigurationList = 318958BB2B56F93400692C02 /* Build configuration list for PBXNativeTarget "stringSync" */;
			buildPhases = (
				318958A32B56F93200692C02 /* Sources */,
				318958A42B56F93200692C02 /* Frameworks */,
				318958A52B56F93200692C02 /* Resources */,
			);
			buildRules = (
			);
			dependencies = (
			);
			name = stringSync;
			productName = stringSync;
			productReference = 318958A72B56F93200692C02 /* stringSync.app */;
			productType = "com.apple.product-type.application";
		};
/* End PBXNativeTarget section */

/* Begin PBXProject section */
		3189589F2B56F93200692C02 /* Project object */ = {
			isa = PBXProject;
			attributes = {
				BuildIndependentTargetsInParallel = 1;
				LastSwiftUpdateCheck = 1520;
				LastUpgradeCheck = 1520;
				TargetAttributes = {
					318958A62B56F93200692C02 = {
						CreatedOnToolsVersion = 15.2;
					};
				};
			};
			buildConfigurationList = 318958A22B56F93200692C02 /* Build configuration list for PBXProject "stringSync" */;
			compatibilityVersion = "Xcode 14.0";
			developmentRegion = en;
			hasScannedForEncodings = 0;
			knownRegions = (
				en,
				Base,
			);
			mainGroup = 3189589E2B56F93200692C02;
			productRefGroup = 318958A82B56F93200692C02 /* Products */;
			projectDirPath = "";
			projectRoot = "";
			targets = (
				318958A62B56F93200692C02 /* stringSync */,
			);
		};
/* End PBXProject section */

/* Begin PBXResourcesBuildPhase section */
		318958A52B56F93200692C02 /* Resources */ = {
			isa = PBXResourcesBuildPhase;
			buildActionMask = 2147483647;
			files = (
				318958B72B56F93400692C02 /* LaunchScreen.storyboard in Resources */,
				318958B42B56F93400692C02 /* Assets.xcassets in Resources */,
			);
			runOnlyForDeploymentPostprocessing = 0;
		};
/* End PBXResourcesBuildPhase section */

/* Begin PBXSourcesBuildPhase section */
		318958A32B56F93200692C02 /* Sources */ = {
			isa = PBXSourcesBuildPhase;
			buildActionMask = 2147483647;
			files = (
				318958BF2B57095000692C02 /* GuitarTuneViewController.swift in Sources */,
				318958C72B570A1500692C02 /* TabBarController.swift in Sources */,
				318958C92B5AD69500692C02 /* MetronomeData.swift in Sources */,
				318958C32B57097200692C02 /* ChordsViewController.swift in Sources */,
				318958C52B57097A00692C02 /* SettingsViewController.swift in Sources */,
				318958AF2B56F93200692C02 /* MetronomeViewController.swift in Sources */,
				318958AB2B56F93200692C02 /* AppDelegate.swift in Sources */,
				318958AD2B56F93200692C02 /* SceneDelegate.swift in Sources */,
				318958C12B57096300692C02 /* ChromaticTuneViewController.swift in Sources */,
			);
			runOnlyForDeploymentPostprocessing = 0;
		};
/* End PBXSourcesBuildPhase section */

/* Begin PBXVariantGroup section */
		318958B52B56F93400692C02 /* LaunchScreen.storyboard */ = {
			isa = PBXVariantGroup;
			children = (
				318958B62B56F93400692C02 /* Base */,
			);
			name = LaunchScreen.storyboard;
			sourceTree = "<group>";
		};
/* End PBXVariantGroup section */

/* Begin XCBuildConfiguration section */
		318958B92B56F93400692C02 /* Debug */ = {
			isa = XCBuildConfiguration;
			buildSettings = {
				ALWAYS_SEARCH_USER_PATHS = NO;
				ASSETCATALOG_COMPILER_GENERATE_SWIFT_ASSET_SYMBOL_EXTENSIONS = YES;
				CLANG_ANALYZER_NONNULL = YES;
				CLANG_ANALYZER_NUMBER_OBJECT_CONVERSION = YES_AGGRESSIVE;
				CLANG_CXX_LANGUAGE_STANDARD = "gnu++20";
				CLANG_ENABLE_MODULES = YES;
				CLANG_ENABLE_OBJC_ARC = YES;
				CLANG_ENABLE_OBJC_WEAK = YES;
				CLANG_WARN_BLOCK_CAPTURE_AUTORELEASING = YES;
				CLANG_WARN_BOOL_CONVERSION = YES;
				CLANG_WARN_COMMA = YES;
				CLANG_WARN_CONSTANT_CONVERSION = YES;
				CLANG_WARN_DEPRECATED_OBJC_IMPLEMENTATIONS = YES;
				CLANG_WARN_DIRECT_OBJC_ISA_USAGE = YES_ERROR;
				CLANG_WARN_DOCUMENTATION_COMMENTS = YES;
				CLANG_WARN_EMPTY_BODY = YES;
				CLANG_WARN_ENUM_CONVERSION = YES;
				CLANG_WARN_INFINITE_RECURSION = YES;
				CLANG_WARN_INT_CONVERSION = YES;
				CLANG_WARN_NON_LITERAL_NULL_CONVERSION = YES;
				CLANG_WARN_OBJC_IMPLICIT_RETAIN_SELF = YES;
				CLANG_WARN_OBJC_LITERAL_CONVERSION = YES;
				CLANG_WARN_OBJC_ROOT_CLASS = YES_ERROR;
				CLANG_WARN_QUOTED_INCLUDE_IN_FRAMEWORK_HEADER = YES;
				CLANG_WARN_RANGE_LOOP_ANALYSIS = YES;
				CLANG_WARN_STRICT_PROTOTYPES = YES;
				CLANG_WARN_SUSPICIOUS_MOVE = YES;
				CLANG_WARN_UNGUARDED_AVAILABILITY = YES_AGGRESSIVE;
				CLANG_WARN_UNREACHABLE_CODE = YES;
				CLANG_WARN__DUPLICATE_METHOD_MATCH = YES;
				COPY_PHASE_STRIP = NO;
				DEBUG_INFORMATION_FORMAT = dwarf;
				ENABLE_STRICT_OBJC_MSGSEND = YES;
				ENABLE_TESTABILITY = YES;
				ENABLE_USER_SCRIPT_SANDBOXING = YES;
				GCC_C_LANGUAGE_STANDARD = gnu17;
				GCC_DYNAMIC_NO_PIC = NO;
				GCC_NO_COMMON_BLOCKS = YES;
				GCC_OPTIMIZATION_LEVEL = 0;
				GCC_PREPROCESSOR_DEFINITIONS = (
					"DEBUG=1",
					"$(inherited)",
				);
				GCC_WARN_64_TO_32_BIT_CONVERSION = YES;
				GCC_WARN_ABOUT_RETURN_TYPE = YES_ERROR;
				GCC_WARN_UNDECLARED_SELECTOR = YES;
				GCC_WARN_UNINITIALIZED_AUTOS = YES_AGGRESSIVE;
				GCC_WARN_UNUSED_FUNCTION = YES;
				GCC_WARN_UNUSED_VARIABLE = YES;
				IPHONEOS_DEPLOYMENT_TARGET = 17.2;
				LOCALIZATION_PREFERS_STRING_CATALOGS = YES;
				MTL_ENABLE_DEBUG_INFO = INCLUDE_SOURCE;
				MTL_FAST_MATH = YES;
				ONLY_ACTIVE_ARCH = YES;
				SDKROOT = iphoneos;
				SWIFT_ACTIVE_COMPILATION_CONDITIONS = "DEBUG $(inherited)";
				SWIFT_OPTIMIZATION_LEVEL = "-Onone";
			};
			name = Debug;
		};
		318958BA2B56F93400692C02 /* Release */ = {
			isa = XCBuildConfiguration;
			buildSettings = {
				ALWAYS_SEARCH_USER_PATHS = NO;
				ASSETCATALOG_COMPILER_GENERATE_SWIFT_ASSET_SYMBOL_EXTENSIONS = YES;
				CLANG_ANALYZER_NONNULL = YES;
				CLANG_ANALYZER_NUMBER_OBJECT_CONVERSION = YES_AGGRESSIVE;
				CLANG_CXX_LANGUAGE_STANDARD = "gnu++20";
				CLANG_ENABLE_MODULES = YES;
				CLANG_ENABLE_OBJC_ARC = YES;
				CLANG_ENABLE_OBJC_WEAK = YES;
				CLANG_WARN_BLOCK_CAPTURE_AUTORELEASING = YES;
				CLANG_WARN_BOOL_CONVERSION = YES;
				CLANG_WARN_COMMA = YES;
				CLANG_WARN_CONSTANT_CONVERSION = YES;
				CLANG_WARN_DEPRECATED_OBJC_IMPLEMENTATIONS = YES;
				CLANG_WARN_DIRECT_OBJC_ISA_USAGE = YES_ERROR;
				CLANG_WARN_DOCUMENTATION_COMMENTS = YES;
				CLANG_WARN_EMPTY_BODY = YES;
				CLANG_WARN_ENUM_CONVERSION = YES;
				CLANG_WARN_INFINITE_RECURSION = YES;
				CLANG_WARN_INT_CONVERSION = YES;
				CLANG_WARN_NON_LITERAL_NULL_CONVERSION = YES;
				CLANG_WARN_OBJC_IMPLICIT_RETAIN_SELF = YES;
				CLANG_WARN_OBJC_LITERAL_CONVERSION = YES;
				CLANG_WARN_OBJC_ROOT_CLASS = YES_ERROR;
				CLANG_WARN_QUOTED_INCLUDE_IN_FRAMEWORK_HEADER = YES;
				CLANG_WARN_RANGE_LOOP_ANALYSIS = YES;
				CLANG_WARN_STRICT_PROTOTYPES = YES;
				CLANG_WARN_SUSPICIOUS_MOVE = YES;
				CLANG_WARN_UNGUARDED_AVAILABILITY = YES_AGGRESSIVE;
				CLANG_WARN_UNREACHABLE_CODE = YES;
				CLANG_WARN__DUPLICATE_METHOD_MATCH = YES;
				COPY_PHASE_STRIP = NO;
				DEBUG_INFORMATION_FORMAT = "dwarf-with-dsym";
				ENABLE_NS_ASSERTIONS = NO;
				ENABLE_STRICT_OBJC_MSGSEND = YES;
				ENABLE_USER_SCRIPT_SANDBOXING = YES;
				GCC_C_LANGUAGE_STANDARD = gnu17;
				GCC_NO_COMMON_BLOCKS = YES;
				GCC_WARN_64_TO_32_BIT_CONVERSION = YES;
				GCC_WARN_ABOUT_RETURN_TYPE = YES_ERROR;
				GCC_WARN_UNDECLARED_SELECTOR = YES;
				GCC_WARN_UNINITIALIZED_AUTOS = YES_AGGRESSIVE;
				GCC_WARN_UNUSED_FUNCTION = YES;
				GCC_WARN_UNUSED_VARIABLE = YES;
				IPHONEOS_DEPLOYMENT_TARGET = 17.2;
				LOCALIZATION_PREFERS_STRING_CATALOGS = YES;
				MTL_ENABLE_DEBUG_INFO = NO;
				MTL_FAST_MATH = YES;
				SDKROOT = iphoneos;
				SWIFT_COMPILATION_MODE = wholemodule;
				VALIDATE_PRODUCT = YES;
			};
			name = Release;
		};
		318958BC2B56F93400692C02 /* Debug */ = {
			isa = XCBuildConfiguration;
			buildSettings = {
				ASSETCATALOG_COMPILER_APPICON_NAME = AppIcon;
				ASSETCATALOG_COMPILER_GLOBAL_ACCENT_COLOR_NAME = AccentColor;
				CODE_SIGN_STYLE = Automatic;
				CURRENT_PROJECT_VERSION = 1;
				DEVELOPMENT_TEAM = HZU66MWZY7;
				GENERATE_INFOPLIST_FILE = YES;
				INFOPLIST_FILE = stringSync/Info.plist;
				INFOPLIST_KEY_UIApplicationSupportsIndirectInputEvents = YES;
				INFOPLIST_KEY_UILaunchStoryboardName = LaunchScreen;
				INFOPLIST_KEY_UISupportedInterfaceOrientations_iPad = "UIInterfaceOrientationPortrait UIInterfaceOrientationPortraitUpsideDown UIInterfaceOrientationLandscapeLeft UIInterfaceOrientationLandscapeRight";
				INFOPLIST_KEY_UISupportedInterfaceOrientations_iPhone = "UIInterfaceOrientationPortrait UIInterfaceOrientationLandscapeLeft UIInterfaceOrientationLandscapeRight";
				LD_RUNPATH_SEARCH_PATHS = (
					"$(inherited)",
					"@executable_path/Frameworks",
				);
				MARKETING_VERSION = 1.0;
				PRODUCT_BUNDLE_IDENTIFIER = com.himynameisartem.stringSync;
				PRODUCT_NAME = "$(TARGET_NAME)";
				SWIFT_EMIT_LOC_STRINGS = YES;
				SWIFT_VERSION = 5.0;
				TARGETED_DEVICE_FAMILY = "1,2";
			};
			name = Debug;
		};
		318958BD2B56F93400692C02 /* Release */ = {
			isa = XCBuildConfiguration;
			buildSettings = {
				ASSETCATALOG_COMPILER_APPICON_NAME = AppIcon;
				ASSETCATALOG_COMPILER_GLOBAL_ACCENT_COLOR_NAME = AccentColor;
				CODE_SIGN_STYLE = Automatic;
				CURRENT_PROJECT_VERSION = 1;
				DEVELOPMENT_TEAM = HZU66MWZY7;
				GENERATE_INFOPLIST_FILE = YES;
				INFOPLIST_FILE = stringSync/Info.plist;
				INFOPLIST_KEY_UIApplicationSupportsIndirectInputEvents = YES;
				INFOPLIST_KEY_UILaunchStoryboardName = LaunchScreen;
				INFOPLIST_KEY_UISupportedInterfaceOrientations_iPad = "UIInterfaceOrientationPortrait UIInterfaceOrientationPortraitUpsideDown UIInterfaceOrientationLandscapeLeft UIInterfaceOrientationLandscapeRight";
				INFOPLIST_KEY_UISupportedInterfaceOrientations_iPhone = "UIInterfaceOrientationPortrait UIInterfaceOrientationLandscapeLeft UIInterfaceOrientationLandscapeRight";
				LD_RUNPATH_SEARCH_PATHS = (
					"$(inherited)",
					"@executable_path/Frameworks",
				);
				MARKETING_VERSION = 1.0;
				PRODUCT_BUNDLE_IDENTIFIER = com.himynameisartem.stringSync;
				PRODUCT_NAME = "$(TARGET_NAME)";
				SWIFT_EMIT_LOC_STRINGS = YES;
				SWIFT_VERSION = 5.0;
				TARGETED_DEVICE_FAMILY = "1,2";
			};
			name = Release;
		};
/* End XCBuildConfiguration section */

/* Begin XCConfigurationList section */
		318958A22B56F93200692C02 /* Build configuration list for PBXProject "stringSync" */ = {
			isa = XCConfigurationList;
			buildConfigurations = (
				318958B92B56F93400692C02 /* Debug */,
				318958BA2B56F93400692C02 /* Release */,
			);
			defaultConfigurationIsVisible = 0;
			defaultConfigurationName = Release;
		};
		318958BB2B56F93400692C02 /* Build configuration list for PBXNativeTarget "stringSync" */ = {
			isa = XCConfigurationList;
			buildConfigurations = (
				318958BC2B56F93400692C02 /* Debug */,
				318958BD2B56F93400692C02 /* Release */,
			);
			defaultConfigurationIsVisible = 0;
			defaultConfigurationName = Release;
		};
/* End XCConfigurationList section */
	};
	rootObject = 3189589F2B56F93200692C02 /* Project object */;
}
