// !$*UTF8*$!
{
	archiveVersion = 1;
	classes = {
	};
	objectVersion = 56;
	objects = {

/* Begin PBXBuildFile section */
		3124B8812AF40049005F474B /* GuitarTuneApp.swift in Sources */ = {isa = PBXBuildFile; fileRef = 3124B8802AF40049005F474B /* GuitarTuneApp.swift */; };
		3124B8832AF40049005F474B /* MetronomeView.swift in Sources */ = {isa = PBXBuildFile; fileRef = 3124B8822AF40049005F474B /* MetronomeView.swift */; };
		3124B8882AF4004A005F474B /* Preview Assets.xcassets in Resources */ = {isa = PBXBuildFile; fileRef = 3124B8872AF4004A005F474B /* Preview Assets.xcassets */; };
		312BA59A2B11E2AB00C9AAEB /* GuitarTuneView.swift in Sources */ = {isa = PBXBuildFile; fileRef = 312BA5992B11E2AB00C9AAEB /* GuitarTuneView.swift */; };
		312BA59C2B11E2C300C9AAEB /* ChromaticTuneView.swift in Sources */ = {isa = PBXBuildFile; fileRef = 312BA59B2B11E2C300C9AAEB /* ChromaticTuneView.swift */; };
		312BA59E2B11E2D100C9AAEB /* ChordsView.swift in Sources */ = {isa = PBXBuildFile; fileRef = 312BA59D2B11E2D100C9AAEB /* ChordsView.swift */; };
		312BA5A02B11E2DC00C9AAEB /* SettingsView.swift in Sources */ = {isa = PBXBuildFile; fileRef = 312BA59F2B11E2DC00C9AAEB /* SettingsView.swift */; };
		312BA5A22B11EB3700C9AAEB /* CustomColors.swift in Sources */ = {isa = PBXBuildFile; fileRef = 312BA5A12B11EB3700C9AAEB /* CustomColors.swift */; };
		31B1585C2B2866F900DC9184 /* Assets.xcassets in Resources */ = {isa = PBXBuildFile; fileRef = 31B1585B2B2866F900DC9184 /* Assets.xcassets */; };
/* End PBXBuildFile section */

/* Begin PBXFileReference section */
		3124B87D2AF40049005F474B /* GuitarTune.app */ = {isa = PBXFileReference; explicitFileType = wrapper.application; includeInIndex = 0; path = GuitarTune.app; sourceTree = BUILT_PRODUCTS_DIR; };
		3124B8802AF40049005F474B /* GuitarTuneApp.swift */ = {isa = PBXFileReference; lastKnownFileType = sourcecode.swift; path = GuitarTuneApp.swift; sourceTree = "<group>"; };
		3124B8822AF40049005F474B /* MetronomeView.swift */ = {isa = PBXFileReference; lastKnownFileType = sourcecode.swift; path = MetronomeView.swift; sourceTree = "<group>"; };
		3124B8872AF4004A005F474B /* Preview Assets.xcassets */ = {isa = PBXFileReference; lastKnownFileType = folder.assetcatalog; path = "Preview Assets.xcassets"; sourceTree = "<group>"; };
		312BA5992B11E2AB00C9AAEB /* GuitarTuneView.swift */ = {isa = PBXFileReference; lastKnownFileType = sourcecode.swift; path = GuitarTuneView.swift; sourceTree = "<group>"; };
		312BA59B2B11E2C300C9AAEB /* ChromaticTuneView.swift */ = {isa = PBXFileReference; lastKnownFileType = sourcecode.swift; path = ChromaticTuneView.swift; sourceTree = "<group>"; };
		312BA59D2B11E2D100C9AAEB /* ChordsView.swift */ = {isa = PBXFileReference; lastKnownFileType = sourcecode.swift; path = ChordsView.swift; sourceTree = "<group>"; };
		312BA59F2B11E2DC00C9AAEB /* SettingsView.swift */ = {isa = PBXFileReference; lastKnownFileType = sourcecode.swift; path = SettingsView.swift; sourceTree = "<group>"; };
		312BA5A12B11EB3700C9AAEB /* CustomColors.swift */ = {isa = PBXFileReference; lastKnownFileType = sourcecode.swift; path = CustomColors.swift; sourceTree = "<group>"; };
		31B1585B2B2866F900DC9184 /* Assets.xcassets */ = {isa = PBXFileReference; lastKnownFileType = folder.assetcatalog; path = Assets.xcassets; sourceTree = "<group>"; };
/* End PBXFileReference section */

/* Begin PBXFrameworksBuildPhase section */
		3124B87A2AF40049005F474B /* Frameworks */ = {
			isa = PBXFrameworksBuildPhase;
			buildActionMask = 2147483647;
			files = (
			);
			runOnlyForDeploymentPostprocessing = 0;
		};
/* End PBXFrameworksBuildPhase section */

/* Begin PBXGroup section */
		3124B8742AF40049005F474B = {
			isa = PBXGroup;
			children = (
				3124B87F2AF40049005F474B /* GuitarTune */,
				3124B87E2AF40049005F474B /* Products */,
			);
			sourceTree = "<group>";
		};
		3124B87E2AF40049005F474B /* Products */ = {
			isa = PBXGroup;
			children = (
				3124B87D2AF40049005F474B /* GuitarTune.app */,
			);
			name = Products;
			sourceTree = "<group>";
		};
		3124B87F2AF40049005F474B /* GuitarTune */ = {
			isa = PBXGroup;
			children = (
				3124B8802AF40049005F474B /* GuitarTuneApp.swift */,
				3124B8822AF40049005F474B /* MetronomeView.swift */,
				312BA5992B11E2AB00C9AAEB /* GuitarTuneView.swift */,
				312BA59B2B11E2C300C9AAEB /* ChromaticTuneView.swift */,
				312BA59D2B11E2D100C9AAEB /* ChordsView.swift */,
				312BA59F2B11E2DC00C9AAEB /* SettingsView.swift */,
				312BA5A12B11EB3700C9AAEB /* CustomColors.swift */,
				31B1585B2B2866F900DC9184 /* Assets.xcassets */,
				3124B8862AF4004A005F474B /* Preview Content */,
			);
			path = GuitarTune;
			sourceTree = "<group>";
		};
		3124B8862AF4004A005F474B /* Preview Content */ = {
			isa = PBXGroup;
			children = (
				3124B8872AF4004A005F474B /* Preview Assets.xcassets */,
			);
			path = "Preview Content";
			sourceTree = "<group>";
		};
/* End PBXGroup section */

/* Begin PBXNativeTarget section */
		3124B87C2AF40049005F474B /* GuitarTune */ = {
			isa = PBXNativeTarget;
			buildConfigurationList = 3124B88B2AF4004A005F474B /* Build configuration list for PBXNativeTarget "GuitarTune" */;
			buildPhases = (
				3124B8792AF40049005F474B /* Sources */,
				3124B87A2AF40049005F474B /* Frameworks */,
				3124B87B2AF40049005F474B /* Resources */,
			);
			buildRules = (
			);
			dependencies = (
			);
			name = GuitarTune;
			productName = GuitarTune;
			productReference = 3124B87D2AF40049005F474B /* GuitarTune.app */;
			productType = "com.apple.product-type.application";
		};
/* End PBXNativeTarget section */

/* Begin PBXProject section */
		3124B8752AF40049005F474B /* Project object */ = {
			isa = PBXProject;
			attributes = {
				BuildIndependentTargetsInParallel = 1;
				LastSwiftUpdateCheck = 1430;
				LastUpgradeCheck = 1510;
				TargetAttributes = {
					3124B87C2AF40049005F474B = {
						CreatedOnToolsVersion = 14.3.1;
					};
				};
			};
			buildConfigurationList = 3124B8782AF40049005F474B /* Build configuration list for PBXProject "GuitarTune" */;
			compatibilityVersion = "Xcode 14.0";
			developmentRegion = en;
			hasScannedForEncodings = 0;
			knownRegions = (
				en,
				Base,
			);
			mainGroup = 3124B8742AF40049005F474B;
			productRefGroup = 3124B87E2AF40049005F474B /* Products */;
			projectDirPath = "";
			projectRoot = "";
			targets = (
				3124B87C2AF40049005F474B /* GuitarTune */,
			);
		};
/* End PBXProject section */

/* Begin PBXResourcesBuildPhase section */
		3124B87B2AF40049005F474B /* Resources */ = {
			isa = PBXResourcesBuildPhase;
			buildActionMask = 2147483647;
			files = (
				31B1585C2B2866F900DC9184 /* Assets.xcassets in Resources */,
				3124B8882AF4004A005F474B /* Preview Assets.xcassets in Resources */,
			);
			runOnlyForDeploymentPostprocessing = 0;
		};
/* End PBXResourcesBuildPhase section */

/* Begin PBXSourcesBuildPhase section */
		3124B8792AF40049005F474B /* Sources */ = {
			isa = PBXSourcesBuildPhase;
			buildActionMask = 2147483647;
			files = (
				3124B8832AF40049005F474B /* MetronomeView.swift in Sources */,
				312BA59A2B11E2AB00C9AAEB /* GuitarTuneView.swift in Sources */,
				312BA5A22B11EB3700C9AAEB /* CustomColors.swift in Sources */,
				3124B8812AF40049005F474B /* GuitarTuneApp.swift in Sources */,
				312BA5A02B11E2DC00C9AAEB /* SettingsView.swift in Sources */,
				312BA59C2B11E2C300C9AAEB /* ChromaticTuneView.swift in Sources */,
				312BA59E2B11E2D100C9AAEB /* ChordsView.swift in Sources */,
			);
			runOnlyForDeploymentPostprocessing = 0;
		};
/* End PBXSourcesBuildPhase section */

/* Begin XCBuildConfiguration section */
		3124B8892AF4004A005F474B /* Debug */ = {
			isa = XCBuildConfiguration;
			buildSettings = {
				ALWAYS_SEARCH_USER_PATHS = NO;
				ASSETCATALOG_COMPILER_GENERATE_SWIFT_ASSET_SYMBOL_EXTENSIONS = YES;
				CLANG_ANALYZER_NONNULL = YES;
				CLANG_ANALYZER_NUMBER_OBJECT_CONVERSION = YES_AGGRESSIVE;
				CLANG_CXX_LANGUAGE_STANDARD = "gnu++20";
				CLANG_ENABLE_MODULES = YES;
				CLANG_ENABLE_OBJC_ARC = YES;
				CLANG_ENABLE_OBJC_WEAK = YES;
				CLANG_WARN_BLOCK_CAPTURE_AUTORELEASING = YES;
				CLANG_WARN_BOOL_CONVERSION = YES;
				CLANG_WARN_COMMA = YES;
				CLANG_WARN_CONSTANT_CONVERSION = YES;
				CLANG_WARN_DEPRECATED_OBJC_IMPLEMENTATIONS = YES;
				CLANG_WARN_DIRECT_OBJC_ISA_USAGE = YES_ERROR;
				CLANG_WARN_DOCUMENTATION_COMMENTS = YES;
				CLANG_WARN_EMPTY_BODY = YES;
				CLANG_WARN_ENUM_CONVERSION = YES;
				CLANG_WARN_INFINITE_RECURSION = YES;
				CLANG_WARN_INT_CONVERSION = YES;
				CLANG_WARN_NON_LITERAL_NULL_CONVERSION = YES;
				CLANG_WARN_OBJC_IMPLICIT_RETAIN_SELF = YES;
				CLANG_WARN_OBJC_LITERAL_CONVERSION = YES;
				CLANG_WARN_OBJC_ROOT_CLASS = YES_ERROR;
				CLANG_WARN_QUOTED_INCLUDE_IN_FRAMEWORK_HEADER = YES;
				CLANG_WARN_RANGE_LOOP_ANALYSIS = YES;
				CLANG_WARN_STRICT_PROTOTYPES = YES;
				CLANG_WARN_SUSPICIOUS_MOVE = YES;
				CLANG_WARN_UNGUARDED_AVAILABILITY = YES_AGGRESSIVE;
				CLANG_WARN_UNREACHABLE_CODE = YES;
				CLANG_WARN__DUPLICATE_METHOD_MATCH = YES;
				COPY_PHASE_STRIP = NO;
				DEBUG_INFORMATION_FORMAT = dwarf;
				ENABLE_STRICT_OBJC_MSGSEND = YES;
				ENABLE_TESTABILITY = YES;
				ENABLE_USER_SCRIPT_SANDBOXING = YES;
				GCC_C_LANGUAGE_STANDARD = gnu11;
				GCC_DYNAMIC_NO_PIC = NO;
				GCC_NO_COMMON_BLOCKS = YES;
				GCC_OPTIMIZATION_LEVEL = 0;
				GCC_PREPROCESSOR_DEFINITIONS = (
					"DEBUG=1",
					"$(inherited)",
				);
				GCC_WARN_64_TO_32_BIT_CONVERSION = YES;
				GCC_WARN_ABOUT_RETURN_TYPE = YES_ERROR;
				GCC_WARN_UNDECLARED_SELECTOR = YES;
				GCC_WARN_UNINITIALIZED_AUTOS = YES_AGGRESSIVE;
				GCC_WARN_UNUSED_FUNCTION = YES;
				GCC_WARN_UNUSED_VARIABLE = YES;
				IPHONEOS_DEPLOYMENT_TARGET = 16.4;
				MTL_ENABLE_DEBUG_INFO = INCLUDE_SOURCE;
				MTL_FAST_MATH = YES;
				ONLY_ACTIVE_ARCH = YES;
				SDKROOT = iphoneos;
				SWIFT_ACTIVE_COMPILATION_CONDITIONS = DEBUG;
				SWIFT_OPTIMIZATION_LEVEL = "-Onone";
			};
			name = Debug;
		};
		3124B88A2AF4004A005F474B /* Release */ = {
			isa = XCBuildConfiguration;
			buildSettings = {
				ALWAYS_SEARCH_USER_PATHS = NO;
				ASSETCATALOG_COMPILER_GENERATE_SWIFT_ASSET_SYMBOL_EXTENSIONS = YES;
				CLANG_ANALYZER_NONNULL = YES;
				CLANG_ANALYZER_NUMBER_OBJECT_CONVERSION = YES_AGGRESSIVE;
				CLANG_CXX_LANGUAGE_STANDARD = "gnu++20";
				CLANG_ENABLE_MODULES = YES;
				CLANG_ENABLE_OBJC_ARC = YES;
				CLANG_ENABLE_OBJC_WEAK = YES;
				CLANG_WARN_BLOCK_CAPTURE_AUTORELEASING = YES;
				CLANG_WARN_BOOL_CONVERSION = YES;
				CLANG_WARN_COMMA = YES;
				CLANG_WARN_CONSTANT_CONVERSION = YES;
				CLANG_WARN_DEPRECATED_OBJC_IMPLEMENTATIONS = YES;
				CLANG_WARN_DIRECT_OBJC_ISA_USAGE = YES_ERROR;
				CLANG_WARN_DOCUMENTATION_COMMENTS = YES;
				CLANG_WARN_EMPTY_BODY = YES;
				CLANG_WARN_ENUM_CONVERSION = YES;
				CLANG_WARN_INFINITE_RECURSION = YES;
				CLANG_WARN_INT_CONVERSION = YES;
				CLANG_WARN_NON_LITERAL_NULL_CONVERSION = YES;
				CLANG_WARN_OBJC_IMPLICIT_RETAIN_SELF = YES;
				CLANG_WARN_OBJC_LITERAL_CONVERSION = YES;
				CLANG_WARN_OBJC_ROOT_CLASS = YES_ERROR;
				CLANG_WARN_QUOTED_INCLUDE_IN_FRAMEWORK_HEADER = YES;
				CLANG_WARN_RANGE_LOOP_ANALYSIS = YES;
				CLANG_WARN_STRICT_PROTOTYPES = YES;
				CLANG_WARN_SUSPICIOUS_MOVE = YES;
				CLANG_WARN_UNGUARDED_AVAILABILITY = YES_AGGRESSIVE;
				CLANG_WARN_UNREACHABLE_CODE = YES;
				CLANG_WARN__DUPLICATE_METHOD_MATCH = YES;
				COPY_PHASE_STRIP = NO;
				DEBUG_INFORMATION_FORMAT = "dwarf-with-dsym";
				ENABLE_NS_ASSERTIONS = NO;
				ENABLE_STRICT_OBJC_MSGSEND = YES;
				ENABLE_USER_SCRIPT_SANDBOXING = YES;
				GCC_C_LANGUAGE_STANDARD = gnu11;
				GCC_NO_COMMON_BLOCKS = YES;
				GCC_WARN_64_TO_32_BIT_CONVERSION = YES;
				GCC_WARN_ABOUT_RETURN_TYPE = YES_ERROR;
				GCC_WARN_UNDECLARED_SELECTOR = YES;
				GCC_WARN_UNINITIALIZED_AUTOS = YES_AGGRESSIVE;
				GCC_WARN_UNUSED_FUNCTION = YES;
				GCC_WARN_UNUSED_VARIABLE = YES;
				IPHONEOS_DEPLOYMENT_TARGET = 16.4;
				MTL_ENABLE_DEBUG_INFO = NO;
				MTL_FAST_MATH = YES;
				SDKROOT = iphoneos;
				SWIFT_COMPILATION_MODE = wholemodule;
				SWIFT_OPTIMIZATION_LEVEL = "-O";
				VALIDATE_PRODUCT = YES;
			};
			name = Release;
		};
		3124B88C2AF4004A005F474B /* Debug */ = {
			isa = XCBuildConfiguration;
			buildSettings = {
				ASSETCATALOG_COMPILER_APPICON_NAME = AppIcon;
				ASSETCATALOG_COMPILER_GLOBAL_ACCENT_COLOR_NAME = AccentColor;
				CODE_SIGN_STYLE = Automatic;
				CURRENT_PROJECT_VERSION = 1;
				DEVELOPMENT_ASSET_PATHS = "\"GuitarTune/Preview Content\"";
				DEVELOPMENT_TEAM = HZU66MWZY7;
				ENABLE_PREVIEWS = YES;
				GENERATE_INFOPLIST_FILE = YES;
				INFOPLIST_KEY_UIApplicationSceneManifest_Generation = YES;
				INFOPLIST_KEY_UIApplicationSupportsIndirectInputEvents = YES;
				INFOPLIST_KEY_UILaunchScreen_Generation = YES;
				INFOPLIST_KEY_UISupportedInterfaceOrientations_iPad = "UIInterfaceOrientationPortrait UIInterfaceOrientationPortraitUpsideDown UIInterfaceOrientationLandscapeLeft UIInterfaceOrientationLandscapeRight";
				INFOPLIST_KEY_UISupportedInterfaceOrientations_iPhone = "UIInterfaceOrientationPortrait UIInterfaceOrientationLandscapeLeft UIInterfaceOrientationLandscapeRight";
				IPHONEOS_DEPLOYMENT_TARGET = 16.0;
				LD_RUNPATH_SEARCH_PATHS = (
					"$(inherited)",
					"@executable_path/Frameworks",
				);
				MARKETING_VERSION = 1.0;
				PRODUCT_BUNDLE_IDENTIFIER = ru.himynameisartem.GuitarTune;
				PRODUCT_NAME = "$(TARGET_NAME)";
				SWIFT_EMIT_LOC_STRINGS = YES;
				SWIFT_VERSION = 5.0;
				TARGETED_DEVICE_FAMILY = "1,2";
			};
			name = Debug;
		};
		3124B88D2AF4004A005F474B /* Release */ = {
			isa = XCBuildConfiguration;
			buildSettings = {
				ASSETCATALOG_COMPILER_APPICON_NAME = AppIcon;
				ASSETCATALOG_COMPILER_GLOBAL_ACCENT_COLOR_NAME = AccentColor;
				CODE_SIGN_STYLE = Automatic;
				CURRENT_PROJECT_VERSION = 1;
				DEVELOPMENT_ASSET_PATHS = "\"GuitarTune/Preview Content\"";
				DEVELOPMENT_TEAM = HZU66MWZY7;
				ENABLE_PREVIEWS = YES;
				GENERATE_INFOPLIST_FILE = YES;
				INFOPLIST_KEY_UIApplicationSceneManifest_Generation = YES;
				INFOPLIST_KEY_UIApplicationSupportsIndirectInputEvents = YES;
				INFOPLIST_KEY_UILaunchScreen_Generation = YES;
				INFOPLIST_KEY_UISupportedInterfaceOrientations_iPad = "UIInterfaceOrientationPortrait UIInterfaceOrientationPortraitUpsideDown UIInterfaceOrientationLandscapeLeft UIInterfaceOrientationLandscapeRight";
				INFOPLIST_KEY_UISupportedInterfaceOrientations_iPhone = "UIInterfaceOrientationPortrait UIInterfaceOrientationLandscapeLeft UIInterfaceOrientationLandscapeRight";
				IPHONEOS_DEPLOYMENT_TARGET = 16.0;
				LD_RUNPATH_SEARCH_PATHS = (
					"$(inherited)",
					"@executable_path/Frameworks",
				);
				MARKETING_VERSION = 1.0;
				PRODUCT_BUNDLE_IDENTIFIER = ru.himynameisartem.GuitarTune;
				PRODUCT_NAME = "$(TARGET_NAME)";
				SWIFT_EMIT_LOC_STRINGS = YES;
				SWIFT_VERSION = 5.0;
				TARGETED_DEVICE_FAMILY = "1,2";
			};
			name = Release;
		};
/* End XCBuildConfiguration section */

/* Begin XCConfigurationList section */
		3124B8782AF40049005F474B /* Build configuration list for PBXProject "GuitarTune" */ = {
			isa = XCConfigurationList;
			buildConfigurations = (
				3124B8892AF4004A005F474B /* Debug */,
				3124B88A2AF4004A005F474B /* Release */,
			);
			defaultConfigurationIsVisible = 0;
			defaultConfigurationName = Release;
		};
		3124B88B2AF4004A005F474B /* Build configuration list for PBXNativeTarget "GuitarTune" */ = {
			isa = XCConfigurationList;
			buildConfigurations = (
				3124B88C2AF4004A005F474B /* Debug */,
				3124B88D2AF4004A005F474B /* Release */,
			);
			defaultConfigurationIsVisible = 0;
			defaultConfigurationName = Release;
		};
/* End XCConfigurationList section */
	};
	rootObject = 3124B8752AF40049005F474B /* Project object */;
}
